
Microsoft Visual Studio Solution File, Format Version 12.00
# Visual Studio Version 16
VisualStudioVersion = 16.0.29009.5
MinimumVisualStudioVersion = 10.0.40219.1
Project("{FAE04EC0-301F-11D3-BF4B-00C04F79EFBC}") = "AutoscaleDemo", "AutoscaleDemo\AutoscaleDemo.csproj", "{0CD71D4C-CD16-490B-A294-42F1F49F2B13}"
EndProject
Global
	GlobalSection(SolutionConfigurationPlatforms) = preSolution
		Debug|Any CPU = Debug|Any CPU
		Release|Any CPU = Release|Any CPU
	EndGlobalSection
	GlobalSection(ProjectConfigurationPlatforms) = postSolution
		{0CD71D4C-CD16-490B-A294-42F1F49F2B13}.Debug|Any CPU.ActiveCfg = Debug|Any CPU
		{0CD71D4C-CD16-490B-A294-42F1F49F2B13}.Debug|Any CPU.Build.0 = Debug|Any CPU
		{0CD71D4C-CD16-490B-A294-42F1F49F2B13}.Release|Any CPU.ActiveCfg = Release|Any CPU
		{0CD71D4C-CD16-490B-A294-42F1F49F2B13}.Release|Any CPU.Build.0 = Release|Any CPU
	EndGlobalSection
	GlobalSection(SolutionProperties) = preSolution
		HideSolutionNode = FALSE
	EndGlobalSection
	GlobalSection(ExtensibilityGlobals) = postSolution
		SolutionGuid = {A489B3C4-6ECD-4E1C-9DB9-156F34C7EDFE}
	EndGlobalSection
EndGlobal
